// !$*UTF8*$!
{
	archiveVersion = 1;
	classes = {
	};
	objectVersion = 56;
	objects = {

/* Begin PBXBuildFile section */
		536B8FFE298158EA00C6799F /* key_buddyApp.swift in Sources */ = {isa = PBXBuildFile; fileRef = 536B8FFD298158EA00C6799F /* key_buddyApp.swift */; };
		536B9000298158EA00C6799F /* ContentView.swift in Sources */ = {isa = PBXBuildFile; fileRef = 536B8FFF298158EA00C6799F /* ContentView.swift */; };
		536B9002298158EC00C6799F /* Assets.xcassets in Resources */ = {isa = PBXBuildFile; fileRef = 536B9001298158EC00C6799F /* Assets.xcassets */; };
		536B9005298158EC00C6799F /* Preview Assets.xcassets in Resources */ = {isa = PBXBuildFile; fileRef = 536B9004298158EC00C6799F /* Preview Assets.xcassets */; };
		53BA8603298497140058CB14 /* App in Frameworks */ = {isa = PBXBuildFile; productRef = 53BA8602298497140058CB14 /* App */; };
/* End PBXBuildFile section */

/* Begin PBXFileReference section */
		536B8FFA298158EA00C6799F /* key_buddy.app */ = {isa = PBXFileReference; explicitFileType = wrapper.application; includeInIndex = 0; path = key_buddy.app; sourceTree = BUILT_PRODUCTS_DIR; };
		536B8FFD298158EA00C6799F /* key_buddyApp.swift */ = {isa = PBXFileReference; lastKnownFileType = sourcecode.swift; path = key_buddyApp.swift; sourceTree = "<group>"; };
		536B8FFF298158EA00C6799F /* ContentView.swift */ = {isa = PBXFileReference; lastKnownFileType = sourcecode.swift; path = ContentView.swift; sourceTree = "<group>"; };
		536B9001298158EC00C6799F /* Assets.xcassets */ = {isa = PBXFileReference; lastKnownFileType = folder.assetcatalog; path = Assets.xcassets; sourceTree = "<group>"; };
		536B9004298158EC00C6799F /* Preview Assets.xcassets */ = {isa = PBXFileReference; lastKnownFileType = folder.assetcatalog; path = "Preview Assets.xcassets"; sourceTree = "<group>"; };
		536B9006298158EC00C6799F /* key_buddy.entitlements */ = {isa = PBXFileReference; lastKnownFileType = text.plist.entitlements; path = key_buddy.entitlements; sourceTree = "<group>"; };
		53BA8600298495F90058CB14 /* App */ = {isa = PBXFileReference; lastKnownFileType = wrapper; path = App; sourceTree = "<group>"; };
		53D1394D29A0B75900F8F135 /* key-buddy-Info.plist */ = {isa = PBXFileReference; lastKnownFileType = text.plist; path = "key-buddy-Info.plist"; sourceTree = SOURCE_ROOT; };
/* End PBXFileReference section */

/* Begin PBXFrameworksBuildPhase section */
		536B8FF7298158EA00C6799F /* Frameworks */ = {
			isa = PBXFrameworksBuildPhase;
			buildActionMask = 2147483647;
			files = (
				53BA8603298497140058CB14 /* App in Frameworks */,
			);
			runOnlyForDeploymentPostprocessing = 0;
		};
/* End PBXFrameworksBuildPhase section */

/* Begin PBXGroup section */
		536B8FF1298158EA00C6799F = {
			isa = PBXGroup;
			children = (
				53BA8600298495F90058CB14 /* App */,
				536B8FFC298158EA00C6799F /* key_buddy */,
				536B8FFB298158EA00C6799F /* Products */,
				53BA8601298497140058CB14 /* Frameworks */,
			);
			sourceTree = "<group>";
		};
		536B8FFB298158EA00C6799F /* Products */ = {
			isa = PBXGroup;
			children = (
				536B8FFA298158EA00C6799F /* key_buddy.app */,
			);
			name = Products;
			sourceTree = "<group>";
		};
		536B8FFC298158EA00C6799F /* key_buddy */ = {
			isa = PBXGroup;
			children = (
				53D1394D29A0B75900F8F135 /* key-buddy-Info.plist */,
				536B8FFD298158EA00C6799F /* key_buddyApp.swift */,
				536B8FFF298158EA00C6799F /* ContentView.swift */,
				536B9001298158EC00C6799F /* Assets.xcassets */,
				536B9006298158EC00C6799F /* key_buddy.entitlements */,
				536B9003298158EC00C6799F /* Preview Content */,
			);
			path = key_buddy;
			sourceTree = "<group>";
		};
		536B9003298158EC00C6799F /* Preview Content */ = {
			isa = PBXGroup;
			children = (
				536B9004298158EC00C6799F /* Preview Assets.xcassets */,
			);
			path = "Preview Content";
			sourceTree = "<group>";
		};
		53BA8601298497140058CB14 /* Frameworks */ = {
			isa = PBXGroup;
			children = (
			);
			name = Frameworks;
			sourceTree = "<group>";
		};
/* End PBXGroup section */

/* Begin PBXNativeTarget section */
		536B8FF9298158EA00C6799F /* key_buddy */ = {
			isa = PBXNativeTarget;
			buildConfigurationList = 536B9009298158EC00C6799F /* Build configuration list for PBXNativeTarget "key_buddy" */;
			buildPhases = (
				536B8FF6298158EA00C6799F /* Sources */,
				536B8FF7298158EA00C6799F /* Frameworks */,
				536B8FF8298158EA00C6799F /* Resources */,
			);
			buildRules = (
			);
			dependencies = (
			);
			name = key_buddy;
			packageProductDependencies = (
				53BA8602298497140058CB14 /* App */,
			);
			productName = key_buddy;
			productReference = 536B8FFA298158EA00C6799F /* key_buddy.app */;
			productType = "com.apple.product-type.application";
		};
/* End PBXNativeTarget section */

/* Begin PBXProject section */
		536B8FF2298158EA00C6799F /* Project object */ = {
			isa = PBXProject;
			attributes = {
				BuildIndependentTargetsInParallel = 1;
				LastSwiftUpdateCheck = 1420;
				LastUpgradeCheck = 1420;
				TargetAttributes = {
					536B8FF9298158EA00C6799F = {
						CreatedOnToolsVersion = 14.2;
					};
				};
			};
			buildConfigurationList = 536B8FF5298158EA00C6799F /* Build configuration list for PBXProject "key_buddy" */;
			compatibilityVersion = "Xcode 14.0";
			developmentRegion = en;
			hasScannedForEncodings = 0;
			knownRegions = (
				en,
				Base,
			);
			mainGroup = 536B8FF1298158EA00C6799F;
			productRefGroup = 536B8FFB298158EA00C6799F /* Products */;
			projectDirPath = "";
			projectRoot = "";
			targets = (
				536B8FF9298158EA00C6799F /* key_buddy */,
			);
		};
/* End PBXProject section */

/* Begin PBXResourcesBuildPhase section */
		536B8FF8298158EA00C6799F /* Resources */ = {
			isa = PBXResourcesBuildPhase;
			buildActionMask = 2147483647;
			files = (
				536B9005298158EC00C6799F /* Preview Assets.xcassets in Resources */,
				536B9002298158EC00C6799F /* Assets.xcassets in Resources */,
			);
			runOnlyForDeploymentPostprocessing = 0;
		};
/* End PBXResourcesBuildPhase section */

/* Begin PBXSourcesBuildPhase section */
		536B8FF6298158EA00C6799F /* Sources */ = {
			isa = PBXSourcesBuildPhase;
			buildActionMask = 2147483647;
			files = (
				536B9000298158EA00C6799F /* ContentView.swift in Sources */,
				536B8FFE298158EA00C6799F /* key_buddyApp.swift in Sources */,
			);
			runOnlyForDeploymentPostprocessing = 0;
		};
/* End PBXSourcesBuildPhase section */

/* Begin XCBuildConfiguration section */
		536B9007298158EC00C6799F /* Debug */ = {
			isa = XCBuildConfiguration;
			buildSettings = {
				ALWAYS_SEARCH_USER_PATHS = NO;
				CLANG_ANALYZER_NONNULL = YES;
				CLANG_ANALYZER_NUMBER_OBJECT_CONVERSION = YES_AGGRESSIVE;
				CLANG_CXX_LANGUAGE_STANDARD = "gnu++20";
				CLANG_ENABLE_MODULES = YES;
				CLANG_ENABLE_OBJC_ARC = YES;
				CLANG_ENABLE_OBJC_WEAK = YES;
				CLANG_WARN_BLOCK_CAPTURE_AUTORELEASING = YES;
				CLANG_WARN_BOOL_CONVERSION = YES;
				CLANG_WARN_COMMA = YES;
				CLANG_WARN_CONSTANT_CONVERSION = YES;
				CLANG_WARN_DEPRECATED_OBJC_IMPLEMENTATIONS = YES;
				CLANG_WARN_DIRECT_OBJC_ISA_USAGE = YES_ERROR;
				CLANG_WARN_DOCUMENTATION_COMMENTS = YES;
				CLANG_WARN_EMPTY_BODY = YES;
				CLANG_WARN_ENUM_CONVERSION = YES;
				CLANG_WARN_INFINITE_RECURSION = YES;
				CLANG_WARN_INT_CONVERSION = YES;
				CLANG_WARN_NON_LITERAL_NULL_CONVERSION = YES;
				CLANG_WARN_OBJC_IMPLICIT_RETAIN_SELF = YES;
				CLANG_WARN_OBJC_LITERAL_CONVERSION = YES;
				CLANG_WARN_OBJC_ROOT_CLASS = YES_ERROR;
				CLANG_WARN_QUOTED_INCLUDE_IN_FRAMEWORK_HEADER = YES;
				CLANG_WARN_RANGE_LOOP_ANALYSIS = YES;
				CLANG_WARN_STRICT_PROTOTYPES = YES;
				CLANG_WARN_SUSPICIOUS_MOVE = YES;
				CLANG_WARN_UNGUARDED_AVAILABILITY = YES_AGGRESSIVE;
				CLANG_WARN_UNREACHABLE_CODE = YES;
				CLANG_WARN__DUPLICATE_METHOD_MATCH = YES;
				COPY_PHASE_STRIP = NO;
				DEBUG_INFORMATION_FORMAT = dwarf;
				ENABLE_STRICT_OBJC_MSGSEND = YES;
				ENABLE_TESTABILITY = YES;
				GCC_C_LANGUAGE_STANDARD = gnu11;
				GCC_DYNAMIC_NO_PIC = NO;
				GCC_NO_COMMON_BLOCKS = YES;
				GCC_OPTIMIZATION_LEVEL = 0;
				GCC_PREPROCESSOR_DEFINITIONS = (
					"DEBUG=1",
					"$(inherited)",
				);
				GCC_WARN_64_TO_32_BIT_CONVERSION = YES;
				GCC_WARN_ABOUT_RETURN_TYPE = YES_ERROR;
				GCC_WARN_UNDECLARED_SELECTOR = YES;
				GCC_WARN_UNINITIALIZED_AUTOS = YES_AGGRESSIVE;
				GCC_WARN_UNUSED_FUNCTION = YES;
				GCC_WARN_UNUSED_VARIABLE = YES;
				MACOSX_DEPLOYMENT_TARGET = 12.6;
				MTL_ENABLE_DEBUG_INFO = INCLUDE_SOURCE;
				MTL_FAST_MATH = YES;
				ONLY_ACTIVE_ARCH = YES;
				SDKROOT = macosx;
				SWIFT_ACTIVE_COMPILATION_CONDITIONS = DEBUG;
				SWIFT_OPTIMIZATION_LEVEL = "-Onone";
			};
			name = Debug;
		};
		536B9008298158EC00C6799F /* Release */ = {
			isa = XCBuildConfiguration;
			buildSettings = {
				ALWAYS_SEARCH_USER_PATHS = NO;
				CLANG_ANALYZER_NONNULL = YES;
				CLANG_ANALYZER_NUMBER_OBJECT_CONVERSION = YES_AGGRESSIVE;
				CLANG_CXX_LANGUAGE_STANDARD = "gnu++20";
				CLANG_ENABLE_MODULES = YES;
				CLANG_ENABLE_OBJC_ARC = YES;
				CLANG_ENABLE_OBJC_WEAK = YES;
				CLANG_WARN_BLOCK_CAPTURE_AUTORELEASING = YES;
				CLANG_WARN_BOOL_CONVERSION = YES;
				CLANG_WARN_COMMA = YES;
				CLANG_WARN_CONSTANT_CONVERSION = YES;
				CLANG_WARN_DEPRECATED_OBJC_IMPLEMENTATIONS = YES;
				CLANG_WARN_DIRECT_OBJC_ISA_USAGE = YES_ERROR;
				CLANG_WARN_DOCUMENTATION_COMMENTS = YES;
				CLANG_WARN_EMPTY_BODY = YES;
				CLANG_WARN_ENUM_CONVERSION = YES;
				CLANG_WARN_INFINITE_RECURSION = YES;
				CLANG_WARN_INT_CONVERSION = YES;
				CLANG_WARN_NON_LITERAL_NULL_CONVERSION = YES;
				CLANG_WARN_OBJC_IMPLICIT_RETAIN_SELF = YES;
				CLANG_WARN_OBJC_LITERAL_CONVERSION = YES;
				CLANG_WARN_OBJC_ROOT_CLASS = YES_ERROR;
				CLANG_WARN_QUOTED_INCLUDE_IN_FRAMEWORK_HEADER = YES;
				CLANG_WARN_RANGE_LOOP_ANALYSIS = YES;
				CLANG_WARN_STRICT_PROTOTYPES = YES;
				CLANG_WARN_SUSPICIOUS_MOVE = YES;
				CLANG_WARN_UNGUARDED_AVAILABILITY = YES_AGGRESSIVE;
				CLANG_WARN_UNREACHABLE_CODE = YES;
				CLANG_WARN__DUPLICATE_METHOD_MATCH = YES;
				COPY_PHASE_STRIP = NO;
				DEBUG_INFORMATION_FORMAT = "dwarf-with-dsym";
				ENABLE_NS_ASSERTIONS = NO;
				ENABLE_STRICT_OBJC_MSGSEND = YES;
				GCC_C_LANGUAGE_STANDARD = gnu11;
				GCC_NO_COMMON_BLOCKS = YES;
				GCC_WARN_64_TO_32_BIT_CONVERSION = YES;
				GCC_WARN_ABOUT_RETURN_TYPE = YES_ERROR;
				GCC_WARN_UNDECLARED_SELECTOR = YES;
				GCC_WARN_UNINITIALIZED_AUTOS = YES_AGGRESSIVE;
				GCC_WARN_UNUSED_FUNCTION = YES;
				GCC_WARN_UNUSED_VARIABLE = YES;
				MACOSX_DEPLOYMENT_TARGET = 12.6;
				MTL_ENABLE_DEBUG_INFO = NO;
				MTL_FAST_MATH = YES;
				SDKROOT = macosx;
				SWIFT_COMPILATION_MODE = wholemodule;
				SWIFT_OPTIMIZATION_LEVEL = "-O";
			};
			name = Release;
		};
		536B900A298158EC00C6799F /* Debug */ = {
			isa = XCBuildConfiguration;
			buildSettings = {
				ASSETCATALOG_COMPILER_APPICON_NAME = AppIcon;
				ASSETCATALOG_COMPILER_GLOBAL_ACCENT_COLOR_NAME = AccentColor;
				CODE_SIGN_ENTITLEMENTS = key_buddy/key_buddy.entitlements;
				CODE_SIGN_STYLE = Automatic;
				COMBINE_HIDPI_IMAGES = YES;
				CURRENT_PROJECT_VERSION = 1;
				DEVELOPMENT_ASSET_PATHS = "\"key_buddy/Preview Content\"";
				DEVELOPMENT_TEAM = E939BBZ6X4;
				ENABLE_HARDENED_RUNTIME = NO;
				ENABLE_PREVIEWS = YES;
				GENERATE_INFOPLIST_FILE = YES;
				INFOPLIST_FILE = "key-buddy-Info.plist";
				INFOPLIST_KEY_NSHumanReadableCopyright = "";
				LD_RUNPATH_SEARCH_PATHS = (
					"$(inherited)",
					"@executable_path/../Frameworks",
				);
				MARKETING_VERSION = 1.0;
				PRODUCT_BUNDLE_IDENTIFIER = "com.nightsquid.key-buddy";
				PRODUCT_NAME = "$(TARGET_NAME)";
				SWIFT_EMIT_LOC_STRINGS = YES;
				SWIFT_VERSION = 5.0;
			};
			name = Debug;
		};
		536B900B298158EC00C6799F /* Release */ = {
			isa = XCBuildConfiguration;
			buildSettings = {
				ASSETCATALOG_COMPILER_APPICON_NAME = AppIcon;
				ASSETCATALOG_COMPILER_GLOBAL_ACCENT_COLOR_NAME = AccentColor;
				CODE_SIGN_ENTITLEMENTS = key_buddy/key_buddy.entitlements;
				CODE_SIGN_STYLE = Automatic;
				COMBINE_HIDPI_IMAGES = YES;
				CURRENT_PROJECT_VERSION = 1;
				DEVELOPMENT_ASSET_PATHS = "\"key_buddy/Preview Content\"";
				DEVELOPMENT_TEAM = E939BBZ6X4;
				ENABLE_HARDENED_RUNTIME = NO;
				ENABLE_PREVIEWS = YES;
				GENERATE_INFOPLIST_FILE = YES;
				INFOPLIST_FILE = "key-buddy-Info.plist";
				INFOPLIST_KEY_NSHumanReadableCopyright = "";
				LD_RUNPATH_SEARCH_PATHS = (
					"$(inherited)",
					"@executable_path/../Frameworks",
				);
				MARKETING_VERSION = 1.0;
				PRODUCT_BUNDLE_IDENTIFIER = "com.nightsquid.key-buddy";
				PRODUCT_NAME = "$(TARGET_NAME)";
				SWIFT_EMIT_LOC_STRINGS = YES;
				SWIFT_VERSION = 5.0;
			};
			name = Release;
		};
/* End XCBuildConfiguration section */

/* Begin XCConfigurationList section */
		536B8FF5298158EA00C6799F /* Build configuration list for PBXProject "key_buddy" */ = {
			isa = XCConfigurationList;
			buildConfigurations = (
				536B9007298158EC00C6799F /* Debug */,
				536B9008298158EC00C6799F /* Release */,
			);
			defaultConfigurationIsVisible = 0;
			defaultConfigurationName = Release;
		};
		536B9009298158EC00C6799F /* Build configuration list for PBXNativeTarget "key_buddy" */ = {
			isa = XCConfigurationList;
			buildConfigurations = (
				536B900A298158EC00C6799F /* Debug */,
				536B900B298158EC00C6799F /* Release */,
			);
			defaultConfigurationIsVisible = 0;
			defaultConfigurationName = Release;
		};
/* End XCConfigurationList section */

/* Begin XCSwiftPackageProductDependency section */
		53BA8602298497140058CB14 /* App */ = {
			isa = XCSwiftPackageProductDependency;
			productName = App;
		};
/* End XCSwiftPackageProductDependency section */
	};
	rootObject = 536B8FF2298158EA00C6799F /* Project object */;
}
